// !$*UTF8*$!
{
	archiveVersion = 1;
	classes = {
	};
	objectVersion = 50;
	objects = {

/* Begin PBXBuildFile section */
		30AB93F74958DCBB4995647F /* Pods_TaskForSoftXpert.framework in Frameworks */ = {isa = PBXBuildFile; fileRef = DEA28F026E613571C32F5D64 /* Pods_TaskForSoftXpert.framework */; };
		C592840C27BF96A6008DAC41 /* AppDelegate.swift in Sources */ = {isa = PBXBuildFile; fileRef = C592840B27BF96A6008DAC41 /* AppDelegate.swift */; };
		C592840E27BF96A6008DAC41 /* SceneDelegate.swift in Sources */ = {isa = PBXBuildFile; fileRef = C592840D27BF96A6008DAC41 /* SceneDelegate.swift */; };
		C592841527BF96AD008DAC41 /* Assets.xcassets in Resources */ = {isa = PBXBuildFile; fileRef = C592841427BF96AD008DAC41 /* Assets.xcassets */; };
		C592841827BF96AD008DAC41 /* LaunchScreen.storyboard in Resources */ = {isa = PBXBuildFile; fileRef = C592841627BF96AD008DAC41 /* LaunchScreen.storyboard */; };
		C5DB090527BF99EC008169C7 /* HomeVC.swift in Sources */ = {isa = PBXBuildFile; fileRef = C5DB090327BF99EB008169C7 /* HomeVC.swift */; };
		C5DB090627BF99EC008169C7 /* HomeVC.xib in Resources */ = {isa = PBXBuildFile; fileRef = C5DB090427BF99EB008169C7 /* HomeVC.xib */; };
/* End PBXBuildFile section */

/* Begin PBXFileReference section */
		75452CAB09F5E825127E9A4F /* Pods-TaskForSoftXpert.release.xcconfig */ = {isa = PBXFileReference; includeInIndex = 1; lastKnownFileType = text.xcconfig; name = "Pods-TaskForSoftXpert.release.xcconfig"; path = "Target Support Files/Pods-TaskForSoftXpert/Pods-TaskForSoftXpert.release.xcconfig"; sourceTree = "<group>"; };
		C592840827BF96A6008DAC41 /* TaskForSoftXpert.app */ = {isa = PBXFileReference; explicitFileType = wrapper.application; includeInIndex = 0; path = TaskForSoftXpert.app; sourceTree = BUILT_PRODUCTS_DIR; };
		C592840B27BF96A6008DAC41 /* AppDelegate.swift */ = {isa = PBXFileReference; lastKnownFileType = sourcecode.swift; path = AppDelegate.swift; sourceTree = "<group>"; };
		C592840D27BF96A6008DAC41 /* SceneDelegate.swift */ = {isa = PBXFileReference; lastKnownFileType = sourcecode.swift; path = SceneDelegate.swift; sourceTree = "<group>"; };
		C592841427BF96AD008DAC41 /* Assets.xcassets */ = {isa = PBXFileReference; lastKnownFileType = folder.assetcatalog; path = Assets.xcassets; sourceTree = "<group>"; };
		C592841727BF96AD008DAC41 /* Base */ = {isa = PBXFileReference; lastKnownFileType = file.storyboard; name = Base; path = Base.lproj/LaunchScreen.storyboard; sourceTree = "<group>"; };
		C592841927BF96AD008DAC41 /* Info.plist */ = {isa = PBXFileReference; lastKnownFileType = text.plist.xml; path = Info.plist; sourceTree = "<group>"; };
		C5DB090327BF99EB008169C7 /* HomeVC.swift */ = {isa = PBXFileReference; lastKnownFileType = sourcecode.swift; path = HomeVC.swift; sourceTree = "<group>"; };
		C5DB090427BF99EB008169C7 /* HomeVC.xib */ = {isa = PBXFileReference; lastKnownFileType = file.xib; path = HomeVC.xib; sourceTree = "<group>"; };
		DEA28F026E613571C32F5D64 /* Pods_TaskForSoftXpert.framework */ = {isa = PBXFileReference; explicitFileType = wrapper.framework; includeInIndex = 0; path = Pods_TaskForSoftXpert.framework; sourceTree = BUILT_PRODUCTS_DIR; };
		E43D1423575FD84DDFB1D6F4 /* Pods-TaskForSoftXpert.debug.xcconfig */ = {isa = PBXFileReference; includeInIndex = 1; lastKnownFileType = text.xcconfig; name = "Pods-TaskForSoftXpert.debug.xcconfig"; path = "Target Support Files/Pods-TaskForSoftXpert/Pods-TaskForSoftXpert.debug.xcconfig"; sourceTree = "<group>"; };
/* End PBXFileReference section */

/* Begin PBXFrameworksBuildPhase section */
		C592840527BF96A6008DAC41 /* Frameworks */ = {
			isa = PBXFrameworksBuildPhase;
			buildActionMask = 2147483647;
			files = (
				30AB93F74958DCBB4995647F /* Pods_TaskForSoftXpert.framework in Frameworks */,
			);
			runOnlyForDeploymentPostprocessing = 0;
		};
/* End PBXFrameworksBuildPhase section */

/* Begin PBXGroup section */
		56F8736FA702FDCEA5F18FD2 /* Frameworks */ = {
			isa = PBXGroup;
			children = (
				DEA28F026E613571C32F5D64 /* Pods_TaskForSoftXpert.framework */,
			);
			name = Frameworks;
			sourceTree = "<group>";
		};
		C59283FF27BF96A6008DAC41 = {
			isa = PBXGroup;
			children = (
				C592840A27BF96A6008DAC41 /* TaskForSoftXpert */,
				C592840927BF96A6008DAC41 /* Products */,
				D9AE223BDAF967FBEC618CF2 /* Pods */,
				56F8736FA702FDCEA5F18FD2 /* Frameworks */,
			);
			sourceTree = "<group>";
		};
		C592840927BF96A6008DAC41 /* Products */ = {
			isa = PBXGroup;
			children = (
				C592840827BF96A6008DAC41 /* TaskForSoftXpert.app */,
			);
			name = Products;
			sourceTree = "<group>";
		};
		C592840A27BF96A6008DAC41 /* TaskForSoftXpert */ = {
			isa = PBXGroup;
			children = (
				C5DB090127BF997B008169C7 /* Scenes */,
				C592842527BF97BF008DAC41 /* Support Files */,
			);
			path = TaskForSoftXpert;
			sourceTree = "<group>";
		};
		C592842527BF97BF008DAC41 /* Support Files */ = {
			isa = PBXGroup;
			children = (
				C592840B27BF96A6008DAC41 /* AppDelegate.swift */,
				C592840D27BF96A6008DAC41 /* SceneDelegate.swift */,
				C592841427BF96AD008DAC41 /* Assets.xcassets */,
				C592841627BF96AD008DAC41 /* LaunchScreen.storyboard */,
				C592841927BF96AD008DAC41 /* Info.plist */,
			);
			path = "Support Files";
			sourceTree = "<group>";
		};
		C5DB090127BF997B008169C7 /* Scenes */ = {
			isa = PBXGroup;
			children = (
				C5DB090227BF99AC008169C7 /* Home Scene */,
			);
			path = Scenes;
			sourceTree = "<group>";
		};
		C5DB090227BF99AC008169C7 /* Home Scene */ = {
			isa = PBXGroup;
			children = (
				C5DB090327BF99EB008169C7 /* HomeVC.swift */,
				C5DB090427BF99EB008169C7 /* HomeVC.xib */,
			);
			path = "Home Scene";
			sourceTree = "<group>";
		};
		D9AE223BDAF967FBEC618CF2 /* Pods */ = {
			isa = PBXGroup;
			children = (
				E43D1423575FD84DDFB1D6F4 /* Pods-TaskForSoftXpert.debug.xcconfig */,
				75452CAB09F5E825127E9A4F /* Pods-TaskForSoftXpert.release.xcconfig */,
			);
			path = Pods;
			sourceTree = "<group>";
		};
/* End PBXGroup section */

/* Begin PBXNativeTarget section */
		C592840727BF96A6008DAC41 /* TaskForSoftXpert */ = {
			isa = PBXNativeTarget;
			buildConfigurationList = C592841C27BF96AD008DAC41 /* Build configuration list for PBXNativeTarget "TaskForSoftXpert" */;
			buildPhases = (
				0C2FE26A0C2A5AB15CED9812 /* [CP] Check Pods Manifest.lock */,
				C592840427BF96A6008DAC41 /* Sources */,
				C592840527BF96A6008DAC41 /* Frameworks */,
				C592840627BF96A6008DAC41 /* Resources */,
			);
			buildRules = (
			);
			dependencies = (
			);
			name = TaskForSoftXpert;
			productName = TaskForSoftXpert;
			productReference = C592840827BF96A6008DAC41 /* TaskForSoftXpert.app */;
			productType = "com.apple.product-type.application";
		};
/* End PBXNativeTarget section */

/* Begin PBXProject section */
		C592840027BF96A6008DAC41 /* Project object */ = {
			isa = PBXProject;
			attributes = {
				LastSwiftUpdateCheck = 1240;
				LastUpgradeCheck = 1240;
				TargetAttributes = {
					C592840727BF96A6008DAC41 = {
						CreatedOnToolsVersion = 12.4;
					};
				};
			};
			buildConfigurationList = C592840327BF96A6008DAC41 /* Build configuration list for PBXProject "TaskForSoftXpert" */;
			compatibilityVersion = "Xcode 9.3";
			developmentRegion = en;
			hasScannedForEncodings = 0;
			knownRegions = (
				en,
				Base,
			);
			mainGroup = C59283FF27BF96A6008DAC41;
			productRefGroup = C592840927BF96A6008DAC41 /* Products */;
			projectDirPath = "";
			projectRoot = "";
			targets = (
				C592840727BF96A6008DAC41 /* TaskForSoftXpert */,
			);
		};
/* End PBXProject section */

/* Begin PBXResourcesBuildPhase section */
		C592840627BF96A6008DAC41 /* Resources */ = {
			isa = PBXResourcesBuildPhase;
			buildActionMask = 2147483647;
			files = (
				C592841827BF96AD008DAC41 /* LaunchScreen.storyboard in Resources */,
				C5DB090627BF99EC008169C7 /* HomeVC.xib in Resources */,
				C592841527BF96AD008DAC41 /* Assets.xcassets in Resources */,
			);
			runOnlyForDeploymentPostprocessing = 0;
		};
/* End PBXResourcesBuildPhase section */

/* Begin PBXShellScriptBuildPhase section */
		0C2FE26A0C2A5AB15CED9812 /* [CP] Check Pods Manifest.lock */ = {
			isa = PBXShellScriptBuildPhase;
			buildActionMask = 2147483647;
			files = (
			);
			inputFileListPaths = (
			);
			inputPaths = (
				"${PODS_PODFILE_DIR_PATH}/Podfile.lock",
				"${PODS_ROOT}/Manifest.lock",
			);
			name = "[CP] Check Pods Manifest.lock";
			outputFileListPaths = (
			);
			outputPaths = (
				"$(DERIVED_FILE_DIR)/Pods-TaskForSoftXpert-checkManifestLockResult.txt",
			);
			runOnlyForDeploymentPostprocessing = 0;
			shellPath = /bin/sh;
			shellScript = "diff \"${PODS_PODFILE_DIR_PATH}/Podfile.lock\" \"${PODS_ROOT}/Manifest.lock\" > /dev/null\nif [ $? != 0 ] ; then\n    # print error to STDERR\n    echo \"error: The sandbox is not in sync with the Podfile.lock. Run 'pod install' or update your CocoaPods installation.\" >&2\n    exit 1\nfi\n# This output is used by Xcode 'outputs' to avoid re-running this script phase.\necho \"SUCCESS\" > \"${SCRIPT_OUTPUT_FILE_0}\"\n";
			showEnvVarsInLog = 0;
		};
/* End PBXShellScriptBuildPhase section */

/* Begin PBXSourcesBuildPhase section */
		C592840427BF96A6008DAC41 /* Sources */ = {
			isa = PBXSourcesBuildPhase;
			buildActionMask = 2147483647;
			files = (
				C5DB090527BF99EC008169C7 /* HomeVC.swift in Sources */,
				C592840C27BF96A6008DAC41 /* AppDelegate.swift in Sources */,
				C592840E27BF96A6008DAC41 /* SceneDelegate.swift in Sources */,
			);
			runOnlyForDeploymentPostprocessing = 0;
		};
/* End PBXSourcesBuildPhase section */

/* Begin PBXVariantGroup section */
		C592841627BF96AD008DAC41 /* LaunchScreen.storyboard */ = {
			isa = PBXVariantGroup;
			children = (
				C592841727BF96AD008DAC41 /* Base */,
			);
			name = LaunchScreen.storyboard;
			sourceTree = "<group>";
		};
/* End PBXVariantGroup section */

/* Begin XCBuildConfiguration section */
		C592841A27BF96AD008DAC41 /* Debug */ = {
			isa = XCBuildConfiguration;
			buildSettings = {
				ALWAYS_SEARCH_USER_PATHS = NO;
				CLANG_ANALYZER_NONNULL = YES;
				CLANG_ANALYZER_NUMBER_OBJECT_CONVERSION = YES_AGGRESSIVE;
				CLANG_CXX_LANGUAGE_STANDARD = "gnu++14";
				CLANG_CXX_LIBRARY = "libc++";
				CLANG_ENABLE_MODULES = YES;
				CLANG_ENABLE_OBJC_ARC = YES;
				CLANG_ENABLE_OBJC_WEAK = YES;
				CLANG_WARN_BLOCK_CAPTURE_AUTORELEASING = YES;
				CLANG_WARN_BOOL_CONVERSION = YES;
				CLANG_WARN_COMMA = YES;
				CLANG_WARN_CONSTANT_CONVERSION = YES;
				CLANG_WARN_DEPRECATED_OBJC_IMPLEMENTATIONS = YES;
				CLANG_WARN_DIRECT_OBJC_ISA_USAGE = YES_ERROR;
				CLANG_WARN_DOCUMENTATION_COMMENTS = YES;
				CLANG_WARN_EMPTY_BODY = YES;
				CLANG_WARN_ENUM_CONVERSION = YES;
				CLANG_WARN_INFINITE_RECURSION = YES;
				CLANG_WARN_INT_CONVERSION = YES;
				CLANG_WARN_NON_LITERAL_NULL_CONVERSION = YES;
				CLANG_WARN_OBJC_IMPLICIT_RETAIN_SELF = YES;
				CLANG_WARN_OBJC_LITERAL_CONVERSION = YES;
				CLANG_WARN_OBJC_ROOT_CLASS = YES_ERROR;
				CLANG_WARN_QUOTED_INCLUDE_IN_FRAMEWORK_HEADER = YES;
				CLANG_WARN_RANGE_LOOP_ANALYSIS = YES;
				CLANG_WARN_STRICT_PROTOTYPES = YES;
				CLANG_WARN_SUSPICIOUS_MOVE = YES;
				CLANG_WARN_UNGUARDED_AVAILABILITY = YES_AGGRESSIVE;
				CLANG_WARN_UNREACHABLE_CODE = YES;
				CLANG_WARN__DUPLICATE_METHOD_MATCH = YES;
				COPY_PHASE_STRIP = NO;
				DEBUG_INFORMATION_FORMAT = dwarf;
				ENABLE_STRICT_OBJC_MSGSEND = YES;
				ENABLE_TESTABILITY = YES;
				GCC_C_LANGUAGE_STANDARD = gnu11;
				GCC_DYNAMIC_NO_PIC = NO;
				GCC_NO_COMMON_BLOCKS = YES;
				GCC_OPTIMIZATION_LEVEL = 0;
				GCC_PREPROCESSOR_DEFINITIONS = (
					"DEBUG=1",
					"$(inherited)",
				);
				GCC_WARN_64_TO_32_BIT_CONVERSION = YES;
				GCC_WARN_ABOUT_RETURN_TYPE = YES_ERROR;
				GCC_WARN_UNDECLARED_SELECTOR = YES;
				GCC_WARN_UNINITIALIZED_AUTOS = YES_AGGRESSIVE;
				GCC_WARN_UNUSED_FUNCTION = YES;
				GCC_WARN_UNUSED_VARIABLE = YES;
				IPHONEOS_DEPLOYMENT_TARGET = 11.0;
				MTL_ENABLE_DEBUG_INFO = INCLUDE_SOURCE;
				MTL_FAST_MATH = YES;
				ONLY_ACTIVE_ARCH = YES;
				SDKROOT = iphoneos;
				SWIFT_ACTIVE_COMPILATION_CONDITIONS = DEBUG;
				SWIFT_OPTIMIZATION_LEVEL = "-Onone";
			};
			name = Debug;
		};
		C592841B27BF96AD008DAC41 /* Release */ = {
			isa = XCBuildConfiguration;
			buildSettings = {
				ALWAYS_SEARCH_USER_PATHS = NO;
				CLANG_ANALYZER_NONNULL = YES;
				CLANG_ANALYZER_NUMBER_OBJECT_CONVERSION = YES_AGGRESSIVE;
				CLANG_CXX_LANGUAGE_STANDARD = "gnu++14";
				CLANG_CXX_LIBRARY = "libc++";
				CLANG_ENABLE_MODULES = YES;
				CLANG_ENABLE_OBJC_ARC = YES;
				CLANG_ENABLE_OBJC_WEAK = YES;
				CLANG_WARN_BLOCK_CAPTURE_AUTORELEASING = YES;
				CLANG_WARN_BOOL_CONVERSION = YES;
				CLANG_WARN_COMMA = YES;
				CLANG_WARN_CONSTANT_CONVERSION = YES;
				CLANG_WARN_DEPRECATED_OBJC_IMPLEMENTATIONS = YES;
				CLANG_WARN_DIRECT_OBJC_ISA_USAGE = YES_ERROR;
				CLANG_WARN_DOCUMENTATION_COMMENTS = YES;
				CLANG_WARN_EMPTY_BODY = YES;
				CLANG_WARN_ENUM_CONVERSION = YES;
				CLANG_WARN_INFINITE_RECURSION = YES;
				CLANG_WARN_INT_CONVERSION = YES;
				CLANG_WARN_NON_LITERAL_NULL_CONVERSION = YES;
				CLANG_WARN_OBJC_IMPLICIT_RETAIN_SELF = YES;
				CLANG_WARN_OBJC_LITERAL_CONVERSION = YES;
				CLANG_WARN_OBJC_ROOT_CLASS = YES_ERROR;
				CLANG_WARN_QUOTED_INCLUDE_IN_FRAMEWORK_HEADER = YES;
				CLANG_WARN_RANGE_LOOP_ANALYSIS = YES;
				CLANG_WARN_STRICT_PROTOTYPES = YES;
				CLANG_WARN_SUSPICIOUS_MOVE = YES;
				CLANG_WARN_UNGUARDED_AVAILABILITY = YES_AGGRESSIVE;
				CLANG_WARN_UNREACHABLE_CODE = YES;
				CLANG_WARN__DUPLICATE_METHOD_MATCH = YES;
				COPY_PHASE_STRIP = NO;
				DEBUG_INFORMATION_FORMAT = "dwarf-with-dsym";
				ENABLE_NS_ASSERTIONS = NO;
				ENABLE_STRICT_OBJC_MSGSEND = YES;
				GCC_C_LANGUAGE_STANDARD = gnu11;
				GCC_NO_COMMON_BLOCKS = YES;
				GCC_WARN_64_TO_32_BIT_CONVERSION = YES;
				GCC_WARN_ABOUT_RETURN_TYPE = YES_ERROR;
				GCC_WARN_UNDECLARED_SELECTOR = YES;
				GCC_WARN_UNINITIALIZED_AUTOS = YES_AGGRESSIVE;
				GCC_WARN_UNUSED_FUNCTION = YES;
				GCC_WARN_UNUSED_VARIABLE = YES;
				IPHONEOS_DEPLOYMENT_TARGET = 11.0;
				MTL_ENABLE_DEBUG_INFO = NO;
				MTL_FAST_MATH = YES;
				SDKROOT = iphoneos;
				SWIFT_COMPILATION_MODE = wholemodule;
				SWIFT_OPTIMIZATION_LEVEL = "-O";
				VALIDATE_PRODUCT = YES;
			};
			name = Release;
		};
		C592841D27BF96AD008DAC41 /* Debug */ = {
			isa = XCBuildConfiguration;
			baseConfigurationReference = E43D1423575FD84DDFB1D6F4 /* Pods-TaskForSoftXpert.debug.xcconfig */;
			buildSettings = {
				ASSETCATALOG_COMPILER_APPICON_NAME = AppIcon;
				ASSETCATALOG_COMPILER_GLOBAL_ACCENT_COLOR_NAME = AccentColor;
				CODE_SIGN_STYLE = Automatic;
				DEVELOPMENT_TEAM = WSH653UKSN;
				INFOPLIST_FILE = "TaskForSoftXpert/Support Files/Info.plist";
				IPHONEOS_DEPLOYMENT_TARGET = 11.0;
				LD_RUNPATH_SEARCH_PATHS = (
					"$(inherited)",
					"@executable_path/Frameworks",
				);
				PRODUCT_BUNDLE_IDENTIFIER = com.Amr.TaskForSoftXpert;
				PRODUCT_NAME = "$(TARGET_NAME)";
				SWIFT_VERSION = 5.0;
				TARGETED_DEVICE_FAMILY = "1,2";
			};
			name = Debug;
		};
		C592841E27BF96AD008DAC41 /* Release */ = {
			isa = XCBuildConfiguration;
			baseConfigurationReference = 75452CAB09F5E825127E9A4F /* Pods-TaskForSoftXpert.release.xcconfig */;
			buildSettings = {
				ASSETCATALOG_COMPILER_APPICON_NAME = AppIcon;
				ASSETCATALOG_COMPILER_GLOBAL_ACCENT_COLOR_NAME = AccentColor;
				CODE_SIGN_STYLE = Automatic;
				DEVELOPMENT_TEAM = WSH653UKSN;
				INFOPLIST_FILE = "TaskForSoftXpert/Support Files/Info.plist";
				IPHONEOS_DEPLOYMENT_TARGET = 11.0;
				LD_RUNPATH_SEARCH_PATHS = (
					"$(inherited)",
					"@executable_path/Frameworks",
				);
				PRODUCT_BUNDLE_IDENTIFIER = com.Amr.TaskForSoftXpert;
				PRODUCT_NAME = "$(TARGET_NAME)";
				SWIFT_VERSION = 5.0;
				TARGETED_DEVICE_FAMILY = "1,2";
			};
			name = Release;
		};
/* End XCBuildConfiguration section */

/* Begin XCConfigurationList section */
		C592840327BF96A6008DAC41 /* Build configuration list for PBXProject "TaskForSoftXpert" */ = {
			isa = XCConfigurationList;
			buildConfigurations = (
				C592841A27BF96AD008DAC41 /* Debug */,
				C592841B27BF96AD008DAC41 /* Release */,
			);
			defaultConfigurationIsVisible = 0;
			defaultConfigurationName = Release;
		};
		C592841C27BF96AD008DAC41 /* Build configuration list for PBXNativeTarget "TaskForSoftXpert" */ = {
			isa = XCConfigurationList;
			buildConfigurations = (
				C592841D27BF96AD008DAC41 /* Debug */,
				C592841E27BF96AD008DAC41 /* Release */,
			);
			defaultConfigurationIsVisible = 0;
			defaultConfigurationName = Release;
		};
/* End XCConfigurationList section */
	};
	rootObject = C592840027BF96A6008DAC41 /* Project object */;
}
